
Microsoft Visual Studio Solution File, Format Version 12.00
# Visual Studio Version 17
VisualStudioVersion = 17.7.34024.191
MinimumVisualStudioVersion = 10.0.40219.1
Project("{FAE04EC0-301F-11D3-BF4B-00C04F79EFBC}") = "StudentAPI", "StudentAPI\StudentAPI.csproj", "{D317DA26-B806-40C2-A9CB-99B028E0565B}"
EndProject
Global
	GlobalSection(SolutionConfigurationPlatforms) = preSolution
		Debug|Any CPU = Debug|Any CPU
		Release|Any CPU = Release|Any CPU
	EndGlobalSection
	GlobalSection(ProjectConfigurationPlatforms) = postSolution
		{D317DA26-B806-40C2-A9CB-99B028E0565B}.Debug|Any CPU.ActiveCfg = Debug|Any CPU
		{D317DA26-B806-40C2-A9CB-99B028E0565B}.Debug|Any CPU.Build.0 = Debug|Any CPU
		{D317DA26-B806-40C2-A9CB-99B028E0565B}.Release|Any CPU.ActiveCfg = Release|Any CPU
		{D317DA26-B806-40C2-A9CB-99B028E0565B}.Release|Any CPU.Build.0 = Release|Any CPU
	EndGlobalSection
	GlobalSection(SolutionProperties) = preSolution
		HideSolutionNode = FALSE
	EndGlobalSection
	GlobalSection(ExtensibilityGlobals) = postSolution
		SolutionGuid = {D1B65B30-E7E9-450C-B277-9CBB98791FB1}
	EndGlobalSection
EndGlobal
